// !$*UTF8*$!
{
	archiveVersion = 1;
	classes = {
	};
	objectVersion = 48;
	objects = {

/* Begin PBXBuildFile section */
		8225071E1FC6312A00B094C0 /* VillainCollectionViewController.swift in Sources */ = {isa = PBXBuildFile; fileRef = 8225071D1FC6312A00B094C0 /* VillainCollectionViewController.swift */; };
		822507201FC631E200B094C0 /* VillainCollectionViewCell.swift in Sources */ = {isa = PBXBuildFile; fileRef = 8225071F1FC631E200B094C0 /* VillainCollectionViewCell.swift */; };
		82BACB321FC4D1670004CFDA /* AppDelegate.swift in Sources */ = {isa = PBXBuildFile; fileRef = 82BACB311FC4D1670004CFDA /* AppDelegate.swift */; };
		82BACB341FC4D1670004CFDA /* ViewController.swift in Sources */ = {isa = PBXBuildFile; fileRef = 82BACB331FC4D1670004CFDA /* ViewController.swift */; };
		82BACB371FC4D1670004CFDA /* Main.storyboard in Resources */ = {isa = PBXBuildFile; fileRef = 82BACB351FC4D1670004CFDA /* Main.storyboard */; };
		82BACB391FC4D1670004CFDA /* Assets.xcassets in Resources */ = {isa = PBXBuildFile; fileRef = 82BACB381FC4D1670004CFDA /* Assets.xcassets */; };
		82BACB3C1FC4D1670004CFDA /* LaunchScreen.storyboard in Resources */ = {isa = PBXBuildFile; fileRef = 82BACB3A1FC4D1670004CFDA /* LaunchScreen.storyboard */; };
		82BACB441FC4D2800004CFDA /* Villain.swift in Sources */ = {isa = PBXBuildFile; fileRef = 82BACB431FC4D2800004CFDA /* Villain.swift */; };
		82BACB461FC4D6940004CFDA /* VillainDetailViewController.swift in Sources */ = {isa = PBXBuildFile; fileRef = 82BACB451FC4D6940004CFDA /* VillainDetailViewController.swift */; };
/* End PBXBuildFile section */

/* Begin PBXFileReference section */
		8225071D1FC6312A00B094C0 /* VillainCollectionViewController.swift */ = {isa = PBXFileReference; lastKnownFileType = sourcecode.swift; path = VillainCollectionViewController.swift; sourceTree = "<group>"; };
		8225071F1FC631E200B094C0 /* VillainCollectionViewCell.swift */ = {isa = PBXFileReference; lastKnownFileType = sourcecode.swift; path = VillainCollectionViewCell.swift; sourceTree = "<group>"; };
		82BACB2E1FC4D1660004CFDA /* BondVillains.app */ = {isa = PBXFileReference; explicitFileType = wrapper.application; includeInIndex = 0; path = BondVillains.app; sourceTree = BUILT_PRODUCTS_DIR; };
		82BACB311FC4D1670004CFDA /* AppDelegate.swift */ = {isa = PBXFileReference; lastKnownFileType = sourcecode.swift; path = AppDelegate.swift; sourceTree = "<group>"; };
		82BACB331FC4D1670004CFDA /* ViewController.swift */ = {isa = PBXFileReference; lastKnownFileType = sourcecode.swift; path = ViewController.swift; sourceTree = "<group>"; };
		82BACB361FC4D1670004CFDA /* Base */ = {isa = PBXFileReference; lastKnownFileType = file.storyboard; name = Base; path = Base.lproj/Main.storyboard; sourceTree = "<group>"; };
		82BACB381FC4D1670004CFDA /* Assets.xcassets */ = {isa = PBXFileReference; lastKnownFileType = folder.assetcatalog; path = Assets.xcassets; sourceTree = "<group>"; };
		82BACB3B1FC4D1670004CFDA /* Base */ = {isa = PBXFileReference; lastKnownFileType = file.storyboard; name = Base; path = Base.lproj/LaunchScreen.storyboard; sourceTree = "<group>"; };
		82BACB3D1FC4D1670004CFDA /* Info.plist */ = {isa = PBXFileReference; lastKnownFileType = text.plist.xml; path = Info.plist; sourceTree = "<group>"; };
		82BACB431FC4D2800004CFDA /* Villain.swift */ = {isa = PBXFileReference; lastKnownFileType = sourcecode.swift; path = Villain.swift; sourceTree = "<group>"; };
		82BACB451FC4D6940004CFDA /* VillainDetailViewController.swift */ = {isa = PBXFileReference; lastKnownFileType = sourcecode.swift; path = VillainDetailViewController.swift; sourceTree = "<group>"; };
/* End PBXFileReference section */

/* Begin PBXFrameworksBuildPhase section */
		82BACB2B1FC4D1660004CFDA /* Frameworks */ = {
			isa = PBXFrameworksBuildPhase;
			buildActionMask = 2147483647;
			files = (
			);
			runOnlyForDeploymentPostprocessing = 0;
		};
/* End PBXFrameworksBuildPhase section */

/* Begin PBXGroup section */
		82BACB251FC4D1660004CFDA = {
			isa = PBXGroup;
			children = (
				82BACB301FC4D1660004CFDA /* BondVillains */,
				82BACB2F1FC4D1660004CFDA /* Products */,
			);
			sourceTree = "<group>";
		};
		82BACB2F1FC4D1660004CFDA /* Products */ = {
			isa = PBXGroup;
			children = (
				82BACB2E1FC4D1660004CFDA /* BondVillains.app */,
			);
			name = Products;
			sourceTree = "<group>";
		};
		82BACB301FC4D1660004CFDA /* BondVillains */ = {
			isa = PBXGroup;
			children = (
				82BACB311FC4D1670004CFDA /* AppDelegate.swift */,
				82BACB331FC4D1670004CFDA /* ViewController.swift */,
				8225071D1FC6312A00B094C0 /* VillainCollectionViewController.swift */,
				8225071F1FC631E200B094C0 /* VillainCollectionViewCell.swift */,
				82BACB451FC4D6940004CFDA /* VillainDetailViewController.swift */,
				82BACB351FC4D1670004CFDA /* Main.storyboard */,
				82BACB431FC4D2800004CFDA /* Villain.swift */,
				82BACB381FC4D1670004CFDA /* Assets.xcassets */,
				82BACB3A1FC4D1670004CFDA /* LaunchScreen.storyboard */,
				82BACB3D1FC4D1670004CFDA /* Info.plist */,
			);
			path = BondVillains;
			sourceTree = "<group>";
		};
/* End PBXGroup section */

/* Begin PBXNativeTarget section */
		82BACB2D1FC4D1660004CFDA /* BondVillains */ = {
			isa = PBXNativeTarget;
			buildConfigurationList = 82BACB401FC4D1670004CFDA /* Build configuration list for PBXNativeTarget "BondVillains" */;
			buildPhases = (
				82BACB2A1FC4D1660004CFDA /* Sources */,
				82BACB2B1FC4D1660004CFDA /* Frameworks */,
				82BACB2C1FC4D1660004CFDA /* Resources */,
			);
			buildRules = (
			);
			dependencies = (
			);
			name = BondVillains;
			productName = BondVillains;
			productReference = 82BACB2E1FC4D1660004CFDA /* BondVillains.app */;
			productType = "com.apple.product-type.application";
		};
/* End PBXNativeTarget section */

/* Begin PBXProject section */
		82BACB261FC4D1660004CFDA /* Project object */ = {
			isa = PBXProject;
			attributes = {
				LastSwiftUpdateCheck = 0910;
				LastUpgradeCheck = 0910;
				ORGANIZATIONNAME = xengar;
				TargetAttributes = {
					82BACB2D1FC4D1660004CFDA = {
						CreatedOnToolsVersion = 9.1;
						ProvisioningStyle = Automatic;
					};
				};
			};
			buildConfigurationList = 82BACB291FC4D1660004CFDA /* Build configuration list for PBXProject "BondVillains" */;
			compatibilityVersion = "Xcode 8.0";
			developmentRegion = en;
			hasScannedForEncodings = 0;
			knownRegions = (
				en,
				Base,
			);
			mainGroup = 82BACB251FC4D1660004CFDA;
			productRefGroup = 82BACB2F1FC4D1660004CFDA /* Products */;
			projectDirPath = "";
			projectRoot = "";
			targets = (
				82BACB2D1FC4D1660004CFDA /* BondVillains */,
			);
		};
/* End PBXProject section */

/* Begin PBXResourcesBuildPhase section */
		82BACB2C1FC4D1660004CFDA /* Resources */ = {
			isa = PBXResourcesBuildPhase;
			buildActionMask = 2147483647;
			files = (
				82BACB3C1FC4D1670004CFDA /* LaunchScreen.storyboard in Resources */,
				82BACB391FC4D1670004CFDA /* Assets.xcassets in Resources */,
				82BACB371FC4D1670004CFDA /* Main.storyboard in Resources */,
			);
			runOnlyForDeploymentPostprocessing = 0;
		};
/* End PBXResourcesBuildPhase section */

/* Begin PBXSourcesBuildPhase section */
		82BACB2A1FC4D1660004CFDA /* Sources */ = {
			isa = PBXSourcesBuildPhase;
			buildActionMask = 2147483647;
			files = (
				82BACB341FC4D1670004CFDA /* ViewController.swift in Sources */,
				82BACB321FC4D1670004CFDA /* AppDelegate.swift in Sources */,
				822507201FC631E200B094C0 /* VillainCollectionViewCell.swift in Sources */,
				82BACB441FC4D2800004CFDA /* Villain.swift in Sources */,
				82BACB461FC4D6940004CFDA /* VillainDetailViewController.swift in Sources */,
				8225071E1FC6312A00B094C0 /* VillainCollectionViewController.swift in Sources */,
			);
			runOnlyForDeploymentPostprocessing = 0;
		};
/* End PBXSourcesBuildPhase section */

/* Begin PBXVariantGroup section */
		82BACB351FC4D1670004CFDA /* Main.storyboard */ = {
			isa = PBXVariantGroup;
			children = (
				82BACB361FC4D1670004CFDA /* Base */,
			);
			name = Main.storyboard;
			sourceTree = "<group>";
		};
		82BACB3A1FC4D1670004CFDA /* LaunchScreen.storyboard */ = {
			isa = PBXVariantGroup;
			children = (
				82BACB3B1FC4D1670004CFDA /* Base */,
			);
			name = LaunchScreen.storyboard;
			sourceTree = "<group>";
		};
/* End PBXVariantGroup section */

/* Begin XCBuildConfiguration section */
		82BACB3E1FC4D1670004CFDA /* Debug */ = {
			isa = XCBuildConfiguration;
			buildSettings = {
				ALWAYS_SEARCH_USER_PATHS = NO;
				CLANG_ANALYZER_NONNULL = YES;
				CLANG_ANALYZER_NUMBER_OBJECT_CONVERSION = YES_AGGRESSIVE;
				CLANG_CXX_LANGUAGE_STANDARD = "gnu++14";
				CLANG_CXX_LIBRARY = "libc++";
				CLANG_ENABLE_MODULES = YES;
				CLANG_ENABLE_OBJC_ARC = YES;
				CLANG_WARN_BLOCK_CAPTURE_AUTORELEASING = YES;
				CLANG_WARN_BOOL_CONVERSION = YES;
				CLANG_WARN_COMMA = YES;
				CLANG_WARN_CONSTANT_CONVERSION = YES;
				CLANG_WARN_DIRECT_OBJC_ISA_USAGE = YES_ERROR;
				CLANG_WARN_DOCUMENTATION_COMMENTS = YES;
				CLANG_WARN_EMPTY_BODY = YES;
				CLANG_WARN_ENUM_CONVERSION = YES;
				CLANG_WARN_INFINITE_RECURSION = YES;
				CLANG_WARN_INT_CONVERSION = YES;
				CLANG_WARN_NON_LITERAL_NULL_CONVERSION = YES;
				CLANG_WARN_OBJC_LITERAL_CONVERSION = YES;
				CLANG_WARN_OBJC_ROOT_CLASS = YES_ERROR;
				CLANG_WARN_RANGE_LOOP_ANALYSIS = YES;
				CLANG_WARN_STRICT_PROTOTYPES = YES;
				CLANG_WARN_SUSPICIOUS_MOVE = YES;
				CLANG_WARN_UNGUARDED_AVAILABILITY = YES_AGGRESSIVE;
				CLANG_WARN_UNREACHABLE_CODE = YES;
				CLANG_WARN__DUPLICATE_METHOD_MATCH = YES;
				CODE_SIGN_IDENTITY = "iPhone Developer";
				COPY_PHASE_STRIP = NO;
				DEBUG_INFORMATION_FORMAT = dwarf;
				ENABLE_STRICT_OBJC_MSGSEND = YES;
				ENABLE_TESTABILITY = YES;
				GCC_C_LANGUAGE_STANDARD = gnu11;
				GCC_DYNAMIC_NO_PIC = NO;
				GCC_NO_COMMON_BLOCKS = YES;
				GCC_OPTIMIZATION_LEVEL = 0;
				GCC_PREPROCESSOR_DEFINITIONS = (
					"DEBUG=1",
					"$(inherited)",
				);
				GCC_WARN_64_TO_32_BIT_CONVERSION = YES;
				GCC_WARN_ABOUT_RETURN_TYPE = YES_ERROR;
				GCC_WARN_UNDECLARED_SELECTOR = YES;
				GCC_WARN_UNINITIALIZED_AUTOS = YES_AGGRESSIVE;
				GCC_WARN_UNUSED_FUNCTION = YES;
				GCC_WARN_UNUSED_VARIABLE = YES;
				IPHONEOS_DEPLOYMENT_TARGET = 11.1;
				MTL_ENABLE_DEBUG_INFO = YES;
				ONLY_ACTIVE_ARCH = YES;
				SDKROOT = iphoneos;
				SWIFT_ACTIVE_COMPILATION_CONDITIONS = DEBUG;
				SWIFT_OPTIMIZATION_LEVEL = "-Onone";
			};
			name = Debug;
		};
		82BACB3F1FC4D1670004CFDA /* Release */ = {
			isa = XCBuildConfiguration;
			buildSettings = {
				ALWAYS_SEARCH_USER_PATHS = NO;
				CLANG_ANALYZER_NONNULL = YES;
				CLANG_ANALYZER_NUMBER_OBJECT_CONVERSION = YES_AGGRESSIVE;
				CLANG_CXX_LANGUAGE_STANDARD = "gnu++14";
				CLANG_CXX_LIBRARY = "libc++";
				CLANG_ENABLE_MODULES = YES;
				CLANG_ENABLE_OBJC_ARC = YES;
				CLANG_WARN_BLOCK_CAPTURE_AUTORELEASING = YES;
				CLANG_WARN_BOOL_CONVERSION = YES;
				CLANG_WARN_COMMA = YES;
				CLANG_WARN_CONSTANT_CONVERSION = YES;
				CLANG_WARN_DIRECT_OBJC_ISA_USAGE = YES_ERROR;
				CLANG_WARN_DOCUMENTATION_COMMENTS = YES;
				CLANG_WARN_EMPTY_BODY = YES;
				CLANG_WARN_ENUM_CONVERSION = YES;
				CLANG_WARN_INFINITE_RECURSION = YES;
				CLANG_WARN_INT_CONVERSION = YES;
				CLANG_WARN_NON_LITERAL_NULL_CONVERSION = YES;
				CLANG_WARN_OBJC_LITERAL_CONVERSION = YES;
				CLANG_WARN_OBJC_ROOT_CLASS = YES_ERROR;
				CLANG_WARN_RANGE_LOOP_ANALYSIS = YES;
				CLANG_WARN_STRICT_PROTOTYPES = YES;
				CLANG_WARN_SUSPICIOUS_MOVE = YES;
				CLANG_WARN_UNGUARDED_AVAILABILITY = YES_AGGRESSIVE;
				CLANG_WARN_UNREACHABLE_CODE = YES;
				CLANG_WARN__DUPLICATE_METHOD_MATCH = YES;
				CODE_SIGN_IDENTITY = "iPhone Developer";
				COPY_PHASE_STRIP = NO;
				DEBUG_INFORMATION_FORMAT = "dwarf-with-dsym";
				ENABLE_NS_ASSERTIONS = NO;
				ENABLE_STRICT_OBJC_MSGSEND = YES;
				GCC_C_LANGUAGE_STANDARD = gnu11;
				GCC_NO_COMMON_BLOCKS = YES;
				GCC_WARN_64_TO_32_BIT_CONVERSION = YES;
				GCC_WARN_ABOUT_RETURN_TYPE = YES_ERROR;
				GCC_WARN_UNDECLARED_SELECTOR = YES;
				GCC_WARN_UNINITIALIZED_AUTOS = YES_AGGRESSIVE;
				GCC_WARN_UNUSED_FUNCTION = YES;
				GCC_WARN_UNUSED_VARIABLE = YES;
				IPHONEOS_DEPLOYMENT_TARGET = 11.1;
				MTL_ENABLE_DEBUG_INFO = NO;
				SDKROOT = iphoneos;
				SWIFT_OPTIMIZATION_LEVEL = "-Owholemodule";
				VALIDATE_PRODUCT = YES;
			};
			name = Release;
		};
		82BACB411FC4D1670004CFDA /* Debug */ = {
			isa = XCBuildConfiguration;
			buildSettings = {
				ASSETCATALOG_COMPILER_APPICON_NAME = AppIcon;
				CODE_SIGN_STYLE = Automatic;
				INFOPLIST_FILE = BondVillains/Info.plist;
				LD_RUNPATH_SEARCH_PATHS = "$(inherited) @executable_path/Frameworks";
				PRODUCT_BUNDLE_IDENTIFIER = com.xengar.ios.BondVillains;
				PRODUCT_NAME = "$(TARGET_NAME)";
				SWIFT_VERSION = 4.0;
				TARGETED_DEVICE_FAMILY = "1,2";
			};
			name = Debug;
		};
		82BACB421FC4D1670004CFDA /* Release */ = {
			isa = XCBuildConfiguration;
			buildSettings = {
				ASSETCATALOG_COMPILER_APPICON_NAME = AppIcon;
				CODE_SIGN_STYLE = Automatic;
				INFOPLIST_FILE = BondVillains/Info.plist;
				LD_RUNPATH_SEARCH_PATHS = "$(inherited) @executable_path/Frameworks";
				PRODUCT_BUNDLE_IDENTIFIER = com.xengar.ios.BondVillains;
				PRODUCT_NAME = "$(TARGET_NAME)";
				SWIFT_VERSION = 4.0;
				TARGETED_DEVICE_FAMILY = "1,2";
			};
			name = Release;
		};
/* End XCBuildConfiguration section */

/* Begin XCConfigurationList section */
		82BACB291FC4D1660004CFDA /* Build configuration list for PBXProject "BondVillains" */ = {
			isa = XCConfigurationList;
			buildConfigurations = (
				82BACB3E1FC4D1670004CFDA /* Debug */,
				82BACB3F1FC4D1670004CFDA /* Release */,
			);
			defaultConfigurationIsVisible = 0;
			defaultConfigurationName = Release;
		};
		82BACB401FC4D1670004CFDA /* Build configuration list for PBXNativeTarget "BondVillains" */ = {
			isa = XCConfigurationList;
			buildConfigurations = (
				82BACB411FC4D1670004CFDA /* Debug */,
				82BACB421FC4D1670004CFDA /* Release */,
			);
			defaultConfigurationIsVisible = 0;
			defaultConfigurationName = Release;
		};
/* End XCConfigurationList section */
	};
	rootObject = 82BACB261FC4D1660004CFDA /* Project object */;
}
